<?xml version="1.0" encoding="utf-8"?>
<Project ToolsVersion="4.0" xmlns="http://schemas.microsoft.com/developer/msbuild/2003">
  <ItemGroup>
    <Filter Include="Source Files">
      <UniqueIdentifier>{4FC737F1-C7A5-4376-A066-2A32D752A2FF}</UniqueIdentifier>
      <Extensions>cpp;c;cc;cxx;def;odl;idl;hpj;bat;asm;asmx</Extensions>
    </Filter>
    <Filter Include="Header Files">
      <UniqueIdentifier>{93995380-89BD-4b04-88EB-625FBE52EBFB}</UniqueIdentifier>
      <Extensions>h;hh;hpp;hxx;hm;inl;inc;xsd</Extensions>
    </Filter>
    <Filter Include="Resource Files">
      <UniqueIdentifier>{67DA6AB6-F800-4c08-8B7A-83BB121AAD01}</UniqueIdentifier>
      <Extensions>rc;ico;cur;bmp;dlg;rc2;rct;bin;rgs;gif;jpg;jpeg;jpe;resx;tiff;tif;png;wav;mfcribbon-ms</Extensions>
    </Filter>
    <Filter Include="Header Files\DO NOT EDIT">
      <UniqueIdentifier>{bdc3bba7-41e0-4cb7-8519-b2a52000ad02}</UniqueIdentifier>
    </Filter>
    <Filter Include="Source Files\DO NOT EDIT">
      <UniqueIdentifier>{24e4d9b0-4e61-4af1-a574-a7bf7b90eb51}</UniqueIdentifier>
    </Filter>
  </ItemGroup>
  <ItemGroup>
    <ClCompile Include="Calculator.cpp">
      <Filter>Source Files</Filter>
    </ClCompile>
    <ClCompile Include="main.cpp">
      <Filter>Source Files\DO NOT EDIT</Filter>
    </ClCompile>
    <ClCompile Include="Numpad.cpp">
      <Filter>Source Files\DO NOT EDIT</Filter>
    </ClCompile>
    <ClCompile Include="Keypad.cpp">
      <Filter>Source Files\DO NOT EDIT</Filter>
    </ClCompile>
    <ClCompile Include="PhoneSystem.cpp">
      <Filter>Source Files</Filter>
    </ClCompile>
  </ItemGroup>
  <ItemGroup>
    <ClInclude Include="Calculator.h">
      <Filter>Header Files</Filter>
    </ClInclude>
    <ClInclude Include="PhoneSystem.h">
      <Filter>Header Files</Filter>
    </ClInclude>
    <ClInclude Include="Keypad.h">
      <Filter>Header Files\DO NOT EDIT</Filter>
    </ClInclude>
    <ClInclude Include="Numpad.h">
      <Filter>Header Files\DO NOT EDIT</Filter>
    </ClInclude>
  </ItemGroup>
</Project>